{
  "nodes": {
    "colmena": {
      "inputs": {
        "flake-compat": "flake-compat",
        "flake-utils": "flake-utils",
        "nixpkgs": [
          "nixpkgs"
        ],
        "stable": "stable"
      },
      "locked": {
        "lastModified": 1688224393,
        "narHash": "sha256-rsAvFNhRFzTF7qyb6WprLFghJnRxMFjvD2e5/dqMp4I=",
        "owner": "zhaofengli",
        "repo": "colmena",
        "rev": "19384f3ee2058c56021e4465a3ec57e84a47d8dd",
        "type": "github"
      },
      "original": {
        "owner": "zhaofengli",
        "repo": "colmena",
        "type": "github"
      }
    },
    "flake-compat": {
      "flake": false,
      "locked": {
        "lastModified": 1650374568,
        "narHash": "sha256-Z+s0J8/r907g149rllvwhb4pKi8Wam5ij0st8PwAh+E=",
        "owner": "edolstra",
        "repo": "flake-compat",
        "rev": "b4a34015c698c7793d592d66adbab377907a2be8",
        "type": "github"
      },
      "original": {
        "owner": "edolstra",
        "repo": "flake-compat",
        "type": "github"
      }
    },
    "flake-utils": {
      "locked": {
        "lastModified": 1659877975,
        "narHash": "sha256-zllb8aq3YO3h8B/U0/J1WBgAL8EX5yWf5pMj3G0NAmc=",
        "owner": "numtide",
        "repo": "flake-utils",
        "rev": "c0e246b9b83f637f4681389ecabcb2681b4f3af0",
        "type": "github"
      },
      "original": {
        "owner": "numtide",
        "repo": "flake-utils",
        "type": "github"
      }
    },
    "home-manager": {
      "inputs": {
        "nixpkgs": [
          "nixpkgs"
        ]
      },
      "locked": {
        "lastModified": 1689802112,
        "narHash": "sha256-Se7oHV/L0dHTQ4xp8MvYafaVdkSzF04Hx5NeloUYHtM=",
        "owner": "nix-community",
        "repo": "home-manager",
        "rev": "0cb3ac57fca6b52c42e4c0f560185540ae1dfb6c",
        "type": "github"
      },
      "original": {
        "owner": "nix-community",
        "ref": "master",
        "repo": "home-manager",
        "type": "github"
      }
    },
    "nixpkgs": {
      "locked": {
        "lastModified": 1689679375,
        "narHash": "sha256-LHUC52WvyVDi9PwyL1QCpaxYWBqp4ir4iL6zgOkmcb8=",
        "owner": "NixOS",
        "repo": "nixpkgs",
        "rev": "684c17c429c42515bafb3ad775d2a710947f3d67",
        "type": "github"
      },
      "original": {
        "owner": "NixOS",
        "ref": "nixos-unstable",
        "repo": "nixpkgs",
        "type": "github"
      }
    },
    "nixpkgs-stable": {
      "locked": {
        "lastModified": 1689473667,
        "narHash": "sha256-41ePf1ylHMTogSPAiufqvBbBos+gtB6zjQlYFSEKFMM=",
        "owner": "NixOS",
        "repo": "nixpkgs",
        "rev": "13231eccfa1da771afa5c0807fdd73e05a1ec4e6",
        "type": "github"
      },
      "original": {
        "owner": "NixOS",
        "ref": "release-23.05",
        "repo": "nixpkgs",
        "type": "github"
      }
    },
    "nur": {
      "locked": {
        "lastModified": 1689801432,
        "narHash": "sha256-WBVCnMuGu0b3J0qrHwV+qubN9ifTE6AkkgBZNlnjtv0=",
        "owner": "nix-community",
        "repo": "NUR",
        "rev": "553bfbdce2d7368c282bc69cce181d29b3d75e3d",
        "type": "github"
      },
      "original": {
        "owner": "nix-community",
        "repo": "NUR",
        "type": "github"
      }
    },
    "root": {
      "inputs": {
        "colmena": "colmena",
        "home-manager": "home-manager",
        "nixpkgs": "nixpkgs",
        "nur": "nur",
        "sops-nix": "sops-nix"
      }
    },
    "sops-nix": {
      "inputs": {
        "nixpkgs": [
          "nixpkgs"
        ],
        "nixpkgs-stable": "nixpkgs-stable"
      },
      "locked": {
        "lastModified": 1689534977,
        "narHash": "sha256-EB4hasmjKgetTR0My2bS5AwELZFIQ4zANLqHKi7aVXg=",
        "owner": "Mic92",
        "repo": "sops-nix",
        "rev": "bd695cc4d0a5e1bead703cc1bec5fa3094820a81",
        "type": "github"
      },
      "original": {
        "owner": "Mic92",
        "repo": "sops-nix",
        "type": "github"
      }
    },
    "stable": {
      "locked": {
        "lastModified": 1669735802,
        "narHash": "sha256-qtG/o/i5ZWZLmXw108N2aPiVsxOcidpHJYNkT45ry9Q=",
        "owner": "NixOS",
        "repo": "nixpkgs",
        "rev": "731cc710aeebecbf45a258e977e8b68350549522",
        "type": "github"
      },
      "original": {
        "owner": "NixOS",
        "ref": "nixos-22.11",
        "repo": "nixpkgs",
        "type": "github"
      }
    }
  },
  "root": "root",
  "version": 7
}
